// !$*UTF8*$!
{
	archiveVersion = 1;
	classes = {
	};
	objectVersion = 56;
	objects = {

/* Begin PBXBuildFile section */
		263006182969D94000922D1E /* rotatingGoldenCoinApp.swift in Sources */ = {isa = PBXBuildFile; fileRef = 263006172969D94000922D1E /* rotatingGoldenCoinApp.swift */; };
		2630061A2969D94000922D1E /* ContentView.swift in Sources */ = {isa = PBXBuildFile; fileRef = 263006192969D94000922D1E /* ContentView.swift */; };
		2630061C2969D94300922D1E /* Assets.xcassets in Resources */ = {isa = PBXBuildFile; fileRef = 2630061B2969D94300922D1E /* Assets.xcassets */; };
		2630061F2969D94300922D1E /* Preview Assets.xcassets in Resources */ = {isa = PBXBuildFile; fileRef = 2630061E2969D94300922D1E /* Preview Assets.xcassets */; };
		263006292969D94300922D1E /* rotatingGoldenCoinTests.swift in Sources */ = {isa = PBXBuildFile; fileRef = 263006282969D94300922D1E /* rotatingGoldenCoinTests.swift */; };
		263006332969D94300922D1E /* rotatingGoldenCoinUITests.swift in Sources */ = {isa = PBXBuildFile; fileRef = 263006322969D94300922D1E /* rotatingGoldenCoinUITests.swift */; };
		263006352969D94300922D1E /* rotatingGoldenCoinUITestsLaunchTests.swift in Sources */ = {isa = PBXBuildFile; fileRef = 263006342969D94300922D1E /* rotatingGoldenCoinUITestsLaunchTests.swift */; };
/* End PBXBuildFile section */

/* Begin PBXContainerItemProxy section */
		263006252969D94300922D1E /* PBXContainerItemProxy */ = {
			isa = PBXContainerItemProxy;
			containerPortal = 2630060C2969D94000922D1E /* Project object */;
			proxyType = 1;
			remoteGlobalIDString = 263006132969D94000922D1E;
			remoteInfo = rotatingGoldenCoin;
		};
		2630062F2969D94300922D1E /* PBXContainerItemProxy */ = {
			isa = PBXContainerItemProxy;
			containerPortal = 2630060C2969D94000922D1E /* Project object */;
			proxyType = 1;
			remoteGlobalIDString = 263006132969D94000922D1E;
			remoteInfo = rotatingGoldenCoin;
		};
/* End PBXContainerItemProxy section */

/* Begin PBXFileReference section */
		263006142969D94000922D1E /* rotatingGoldenCoin.app */ = {isa = PBXFileReference; explicitFileType = wrapper.application; includeInIndex = 0; path = rotatingGoldenCoin.app; sourceTree = BUILT_PRODUCTS_DIR; };
		263006172969D94000922D1E /* rotatingGoldenCoinApp.swift */ = {isa = PBXFileReference; lastKnownFileType = sourcecode.swift; path = rotatingGoldenCoinApp.swift; sourceTree = "<group>"; };
		263006192969D94000922D1E /* ContentView.swift */ = {isa = PBXFileReference; lastKnownFileType = sourcecode.swift; path = ContentView.swift; sourceTree = "<group>"; };
		2630061B2969D94300922D1E /* Assets.xcassets */ = {isa = PBXFileReference; lastKnownFileType = folder.assetcatalog; path = Assets.xcassets; sourceTree = "<group>"; };
		2630061E2969D94300922D1E /* Preview Assets.xcassets */ = {isa = PBXFileReference; lastKnownFileType = folder.assetcatalog; path = "Preview Assets.xcassets"; sourceTree = "<group>"; };
		263006242969D94300922D1E /* rotatingGoldenCoinTests.xctest */ = {isa = PBXFileReference; explicitFileType = wrapper.cfbundle; includeInIndex = 0; path = rotatingGoldenCoinTests.xctest; sourceTree = BUILT_PRODUCTS_DIR; };
		263006282969D94300922D1E /* rotatingGoldenCoinTests.swift */ = {isa = PBXFileReference; lastKnownFileType = sourcecode.swift; path = rotatingGoldenCoinTests.swift; sourceTree = "<group>"; };
		2630062E2969D94300922D1E /* rotatingGoldenCoinUITests.xctest */ = {isa = PBXFileReference; explicitFileType = wrapper.cfbundle; includeInIndex = 0; path = rotatingGoldenCoinUITests.xctest; sourceTree = BUILT_PRODUCTS_DIR; };
		263006322969D94300922D1E /* rotatingGoldenCoinUITests.swift */ = {isa = PBXFileReference; lastKnownFileType = sourcecode.swift; path = rotatingGoldenCoinUITests.swift; sourceTree = "<group>"; };
		263006342969D94300922D1E /* rotatingGoldenCoinUITestsLaunchTests.swift */ = {isa = PBXFileReference; lastKnownFileType = sourcecode.swift; path = rotatingGoldenCoinUITestsLaunchTests.swift; sourceTree = "<group>"; };
/* End PBXFileReference section */

/* Begin PBXFrameworksBuildPhase section */
		263006112969D94000922D1E /* Frameworks */ = {
			isa = PBXFrameworksBuildPhase;
			buildActionMask = 2147483647;
			files = (
			);
			runOnlyForDeploymentPostprocessing = 0;
		};
		263006212969D94300922D1E /* Frameworks */ = {
			isa = PBXFrameworksBuildPhase;
			buildActionMask = 2147483647;
			files = (
			);
			runOnlyForDeploymentPostprocessing = 0;
		};
		2630062B2969D94300922D1E /* Frameworks */ = {
			isa = PBXFrameworksBuildPhase;
			buildActionMask = 2147483647;
			files = (
			);
			runOnlyForDeploymentPostprocessing = 0;
		};
/* End PBXFrameworksBuildPhase section */

/* Begin PBXGroup section */
		2630060B2969D94000922D1E = {
			isa = PBXGroup;
			children = (
				263006162969D94000922D1E /* rotatingGoldenCoin */,
				263006272969D94300922D1E /* rotatingGoldenCoinTests */,
				263006312969D94300922D1E /* rotatingGoldenCoinUITests */,
				263006152969D94000922D1E /* Products */,
			);
			sourceTree = "<group>";
		};
		263006152969D94000922D1E /* Products */ = {
			isa = PBXGroup;
			children = (
				263006142969D94000922D1E /* rotatingGoldenCoin.app */,
				263006242969D94300922D1E /* rotatingGoldenCoinTests.xctest */,
				2630062E2969D94300922D1E /* rotatingGoldenCoinUITests.xctest */,
			);
			name = Products;
			sourceTree = "<group>";
		};
		263006162969D94000922D1E /* rotatingGoldenCoin */ = {
			isa = PBXGroup;
			children = (
				263006172969D94000922D1E /* rotatingGoldenCoinApp.swift */,
				263006192969D94000922D1E /* ContentView.swift */,
				2630061B2969D94300922D1E /* Assets.xcassets */,
				2630061D2969D94300922D1E /* Preview Content */,
			);
			path = rotatingGoldenCoin;
			sourceTree = "<group>";
		};
		2630061D2969D94300922D1E /* Preview Content */ = {
			isa = PBXGroup;
			children = (
				2630061E2969D94300922D1E /* Preview Assets.xcassets */,
			);
			path = "Preview Content";
			sourceTree = "<group>";
		};
		263006272969D94300922D1E /* rotatingGoldenCoinTests */ = {
			isa = PBXGroup;
			children = (
				263006282969D94300922D1E /* rotatingGoldenCoinTests.swift */,
			);
			path = rotatingGoldenCoinTests;
			sourceTree = "<group>";
		};
		263006312969D94300922D1E /* rotatingGoldenCoinUITests */ = {
			isa = PBXGroup;
			children = (
				263006322969D94300922D1E /* rotatingGoldenCoinUITests.swift */,
				263006342969D94300922D1E /* rotatingGoldenCoinUITestsLaunchTests.swift */,
			);
			path = rotatingGoldenCoinUITests;
			sourceTree = "<group>";
		};
/* End PBXGroup section */

/* Begin PBXNativeTarget section */
		263006132969D94000922D1E /* rotatingGoldenCoin */ = {
			isa = PBXNativeTarget;
			buildConfigurationList = 263006382969D94300922D1E /* Build configuration list for PBXNativeTarget "rotatingGoldenCoin" */;
			buildPhases = (
				263006102969D94000922D1E /* Sources */,
				263006112969D94000922D1E /* Frameworks */,
				263006122969D94000922D1E /* Resources */,
			);
			buildRules = (
			);
			dependencies = (
			);
			name = rotatingGoldenCoin;
			productName = rotatingGoldenCoin;
			productReference = 263006142969D94000922D1E /* rotatingGoldenCoin.app */;
			productType = "com.apple.product-type.application";
		};
		263006232969D94300922D1E /* rotatingGoldenCoinTests */ = {
			isa = PBXNativeTarget;
			buildConfigurationList = 2630063B2969D94300922D1E /* Build configuration list for PBXNativeTarget "rotatingGoldenCoinTests" */;
			buildPhases = (
				263006202969D94300922D1E /* Sources */,
				263006212969D94300922D1E /* Frameworks */,
				263006222969D94300922D1E /* Resources */,
			);
			buildRules = (
			);
			dependencies = (
				263006262969D94300922D1E /* PBXTargetDependency */,
			);
			name = rotatingGoldenCoinTests;
			productName = rotatingGoldenCoinTests;
			productReference = 263006242969D94300922D1E /* rotatingGoldenCoinTests.xctest */;
			productType = "com.apple.product-type.bundle.unit-test";
		};
		2630062D2969D94300922D1E /* rotatingGoldenCoinUITests */ = {
			isa = PBXNativeTarget;
			buildConfigurationList = 2630063E2969D94300922D1E /* Build configuration list for PBXNativeTarget "rotatingGoldenCoinUITests" */;
			buildPhases = (
				2630062A2969D94300922D1E /* Sources */,
				2630062B2969D94300922D1E /* Frameworks */,
				2630062C2969D94300922D1E /* Resources */,
			);
			buildRules = (
			);
			dependencies = (
				263006302969D94300922D1E /* PBXTargetDependency */,
			);
			name = rotatingGoldenCoinUITests;
			productName = rotatingGoldenCoinUITests;
			productReference = 2630062E2969D94300922D1E /* rotatingGoldenCoinUITests.xctest */;
			productType = "com.apple.product-type.bundle.ui-testing";
		};
/* End PBXNativeTarget section */

/* Begin PBXProject section */
		2630060C2969D94000922D1E /* Project object */ = {
			isa = PBXProject;
			attributes = {
				BuildIndependentTargetsInParallel = 1;
				LastSwiftUpdateCheck = 1420;
				LastUpgradeCheck = 1420;
				TargetAttributes = {
					263006132969D94000922D1E = {
						CreatedOnToolsVersion = 14.2;
					};
					263006232969D94300922D1E = {
						CreatedOnToolsVersion = 14.2;
						TestTargetID = 263006132969D94000922D1E;
					};
					2630062D2969D94300922D1E = {
						CreatedOnToolsVersion = 14.2;
						TestTargetID = 263006132969D94000922D1E;
					};
				};
			};
			buildConfigurationList = 2630060F2969D94000922D1E /* Build configuration list for PBXProject "rotatingGoldenCoin" */;
			compatibilityVersion = "Xcode 14.0";
			developmentRegion = en;
			hasScannedForEncodings = 0;
			knownRegions = (
				en,
				Base,
			);
			mainGroup = 2630060B2969D94000922D1E;
			productRefGroup = 263006152969D94000922D1E /* Products */;
			projectDirPath = "";
			projectRoot = "";
			targets = (
				263006132969D94000922D1E /* rotatingGoldenCoin */,
				263006232969D94300922D1E /* rotatingGoldenCoinTests */,
				2630062D2969D94300922D1E /* rotatingGoldenCoinUITests */,
			);
		};
/* End PBXProject section */

/* Begin PBXResourcesBuildPhase section */
		263006122969D94000922D1E /* Resources */ = {
			isa = PBXResourcesBuildPhase;
			buildActionMask = 2147483647;
			files = (
				2630061F2969D94300922D1E /* Preview Assets.xcassets in Resources */,
				2630061C2969D94300922D1E /* Assets.xcassets in Resources */,
			);
			runOnlyForDeploymentPostprocessing = 0;
		};
		263006222969D94300922D1E /* Resources */ = {
			isa = PBXResourcesBuildPhase;
			buildActionMask = 2147483647;
			files = (
			);
			runOnlyForDeploymentPostprocessing = 0;
		};
		2630062C2969D94300922D1E /* Resources */ = {
			isa = PBXResourcesBuildPhase;
			buildActionMask = 2147483647;
			files = (
			);
			runOnlyForDeploymentPostprocessing = 0;
		};
/* End PBXResourcesBuildPhase section */

/* Begin PBXSourcesBuildPhase section */
		263006102969D94000922D1E /* Sources */ = {
			isa = PBXSourcesBuildPhase;
			buildActionMask = 2147483647;
			files = (
				2630061A2969D94000922D1E /* ContentView.swift in Sources */,
				263006182969D94000922D1E /* rotatingGoldenCoinApp.swift in Sources */,
			);
			runOnlyForDeploymentPostprocessing = 0;
		};
		263006202969D94300922D1E /* Sources */ = {
			isa = PBXSourcesBuildPhase;
			buildActionMask = 2147483647;
			files = (
				263006292969D94300922D1E /* rotatingGoldenCoinTests.swift in Sources */,
			);
			runOnlyForDeploymentPostprocessing = 0;
		};
		2630062A2969D94300922D1E /* Sources */ = {
			isa = PBXSourcesBuildPhase;
			buildActionMask = 2147483647;
			files = (
				263006352969D94300922D1E /* rotatingGoldenCoinUITestsLaunchTests.swift in Sources */,
				263006332969D94300922D1E /* rotatingGoldenCoinUITests.swift in Sources */,
			);
			runOnlyForDeploymentPostprocessing = 0;
		};
/* End PBXSourcesBuildPhase section */

/* Begin PBXTargetDependency section */
		263006262969D94300922D1E /* PBXTargetDependency */ = {
			isa = PBXTargetDependency;
			target = 263006132969D94000922D1E /* rotatingGoldenCoin */;
			targetProxy = 263006252969D94300922D1E /* PBXContainerItemProxy */;
		};
		263006302969D94300922D1E /* PBXTargetDependency */ = {
			isa = PBXTargetDependency;
			target = 263006132969D94000922D1E /* rotatingGoldenCoin */;
			targetProxy = 2630062F2969D94300922D1E /* PBXContainerItemProxy */;
		};
/* End PBXTargetDependency section */

/* Begin XCBuildConfiguration section */
		263006362969D94300922D1E /* Debug */ = {
			isa = XCBuildConfiguration;
			buildSettings = {
				ALWAYS_SEARCH_USER_PATHS = NO;
				CLANG_ANALYZER_NONNULL = YES;
				CLANG_ANALYZER_NUMBER_OBJECT_CONVERSION = YES_AGGRESSIVE;
				CLANG_CXX_LANGUAGE_STANDARD = "gnu++20";
				CLANG_ENABLE_MODULES = YES;
				CLANG_ENABLE_OBJC_ARC = YES;
				CLANG_ENABLE_OBJC_WEAK = YES;
				CLANG_WARN_BLOCK_CAPTURE_AUTORELEASING = YES;
				CLANG_WARN_BOOL_CONVERSION = YES;
				CLANG_WARN_COMMA = YES;
				CLANG_WARN_CONSTANT_CONVERSION = YES;
				CLANG_WARN_DEPRECATED_OBJC_IMPLEMENTATIONS = YES;
				CLANG_WARN_DIRECT_OBJC_ISA_USAGE = YES_ERROR;
				CLANG_WARN_DOCUMENTATION_COMMENTS = YES;
				CLANG_WARN_EMPTY_BODY = YES;
				CLANG_WARN_ENUM_CONVERSION = YES;
				CLANG_WARN_INFINITE_RECURSION = YES;
				CLANG_WARN_INT_CONVERSION = YES;
				CLANG_WARN_NON_LITERAL_NULL_CONVERSION = YES;
				CLANG_WARN_OBJC_IMPLICIT_RETAIN_SELF = YES;
				CLANG_WARN_OBJC_LITERAL_CONVERSION = YES;
				CLANG_WARN_OBJC_ROOT_CLASS = YES_ERROR;
				CLANG_WARN_QUOTED_INCLUDE_IN_FRAMEWORK_HEADER = YES;
				CLANG_WARN_RANGE_LOOP_ANALYSIS = YES;
				CLANG_WARN_STRICT_PROTOTYPES = YES;
				CLANG_WARN_SUSPICIOUS_MOVE = YES;
				CLANG_WARN_UNGUARDED_AVAILABILITY = YES_AGGRESSIVE;
				CLANG_WARN_UNREACHABLE_CODE = YES;
				CLANG_WARN__DUPLICATE_METHOD_MATCH = YES;
				COPY_PHASE_STRIP = NO;
				DEBUG_INFORMATION_FORMAT = dwarf;
				ENABLE_STRICT_OBJC_MSGSEND = YES;
				ENABLE_TESTABILITY = YES;
				GCC_C_LANGUAGE_STANDARD = gnu11;
				GCC_DYNAMIC_NO_PIC = NO;
				GCC_NO_COMMON_BLOCKS = YES;
				GCC_OPTIMIZATION_LEVEL = 0;
				GCC_PREPROCESSOR_DEFINITIONS = (
					"DEBUG=1",
					"$(inherited)",
				);
				GCC_WARN_64_TO_32_BIT_CONVERSION = YES;
				GCC_WARN_ABOUT_RETURN_TYPE = YES_ERROR;
				GCC_WARN_UNDECLARED_SELECTOR = YES;
				GCC_WARN_UNINITIALIZED_AUTOS = YES_AGGRESSIVE;
				GCC_WARN_UNUSED_FUNCTION = YES;
				GCC_WARN_UNUSED_VARIABLE = YES;
				IPHONEOS_DEPLOYMENT_TARGET = 16.2;
				MTL_ENABLE_DEBUG_INFO = INCLUDE_SOURCE;
				MTL_FAST_MATH = YES;
				ONLY_ACTIVE_ARCH = YES;
				SDKROOT = iphoneos;
				SWIFT_ACTIVE_COMPILATION_CONDITIONS = DEBUG;
				SWIFT_OPTIMIZATION_LEVEL = "-Onone";
			};
			name = Debug;
		};
		263006372969D94300922D1E /* Release */ = {
			isa = XCBuildConfiguration;
			buildSettings = {
				ALWAYS_SEARCH_USER_PATHS = NO;
				CLANG_ANALYZER_NONNULL = YES;
				CLANG_ANALYZER_NUMBER_OBJECT_CONVERSION = YES_AGGRESSIVE;
				CLANG_CXX_LANGUAGE_STANDARD = "gnu++20";
				CLANG_ENABLE_MODULES = YES;
				CLANG_ENABLE_OBJC_ARC = YES;
				CLANG_ENABLE_OBJC_WEAK = YES;
				CLANG_WARN_BLOCK_CAPTURE_AUTORELEASING = YES;
				CLANG_WARN_BOOL_CONVERSION = YES;
				CLANG_WARN_COMMA = YES;
				CLANG_WARN_CONSTANT_CONVERSION = YES;
				CLANG_WARN_DEPRECATED_OBJC_IMPLEMENTATIONS = YES;
				CLANG_WARN_DIRECT_OBJC_ISA_USAGE = YES_ERROR;
				CLANG_WARN_DOCUMENTATION_COMMENTS = YES;
				CLANG_WARN_EMPTY_BODY = YES;
				CLANG_WARN_ENUM_CONVERSION = YES;
				CLANG_WARN_INFINITE_RECURSION = YES;
				CLANG_WARN_INT_CONVERSION = YES;
				CLANG_WARN_NON_LITERAL_NULL_CONVERSION = YES;
				CLANG_WARN_OBJC_IMPLICIT_RETAIN_SELF = YES;
				CLANG_WARN_OBJC_LITERAL_CONVERSION = YES;
				CLANG_WARN_OBJC_ROOT_CLASS = YES_ERROR;
				CLANG_WARN_QUOTED_INCLUDE_IN_FRAMEWORK_HEADER = YES;
				CLANG_WARN_RANGE_LOOP_ANALYSIS = YES;
				CLANG_WARN_STRICT_PROTOTYPES = YES;
				CLANG_WARN_SUSPICIOUS_MOVE = YES;
				CLANG_WARN_UNGUARDED_AVAILABILITY = YES_AGGRESSIVE;
				CLANG_WARN_UNREACHABLE_CODE = YES;
				CLANG_WARN__DUPLICATE_METHOD_MATCH = YES;
				COPY_PHASE_STRIP = NO;
				DEBUG_INFORMATION_FORMAT = "dwarf-with-dsym";
				ENABLE_NS_ASSERTIONS = NO;
				ENABLE_STRICT_OBJC_MSGSEND = YES;
				GCC_C_LANGUAGE_STANDARD = gnu11;
				GCC_NO_COMMON_BLOCKS = YES;
				GCC_WARN_64_TO_32_BIT_CONVERSION = YES;
				GCC_WARN_ABOUT_RETURN_TYPE = YES_ERROR;
				GCC_WARN_UNDECLARED_SELECTOR = YES;
				GCC_WARN_UNINITIALIZED_AUTOS = YES_AGGRESSIVE;
				GCC_WARN_UNUSED_FUNCTION = YES;
				GCC_WARN_UNUSED_VARIABLE = YES;
				IPHONEOS_DEPLOYMENT_TARGET = 16.2;
				MTL_ENABLE_DEBUG_INFO = NO;
				MTL_FAST_MATH = YES;
				SDKROOT = iphoneos;
				SWIFT_COMPILATION_MODE = wholemodule;
				SWIFT_OPTIMIZATION_LEVEL = "-O";
				VALIDATE_PRODUCT = YES;
			};
			name = Release;
		};
		263006392969D94300922D1E /* Debug */ = {
			isa = XCBuildConfiguration;
			buildSettings = {
				ASSETCATALOG_COMPILER_APPICON_NAME = AppIcon;
				ASSETCATALOG_COMPILER_GLOBAL_ACCENT_COLOR_NAME = AccentColor;
				CODE_SIGN_STYLE = Automatic;
				CURRENT_PROJECT_VERSION = 1;
				DEVELOPMENT_ASSET_PATHS = "\"rotatingGoldenCoin/Preview Content\"";
				ENABLE_PREVIEWS = YES;
				GENERATE_INFOPLIST_FILE = YES;
				INFOPLIST_KEY_UIApplicationSceneManifest_Generation = YES;
				INFOPLIST_KEY_UIApplicationSupportsIndirectInputEvents = YES;
				INFOPLIST_KEY_UILaunchScreen_Generation = YES;
				INFOPLIST_KEY_UISupportedInterfaceOrientations_iPad = "UIInterfaceOrientationPortrait UIInterfaceOrientationPortraitUpsideDown UIInterfaceOrientationLandscapeLeft UIInterfaceOrientationLandscapeRight";
				INFOPLIST_KEY_UISupportedInterfaceOrientations_iPhone = "UIInterfaceOrientationPortrait UIInterfaceOrientationLandscapeLeft UIInterfaceOrientationLandscapeRight";
				LD_RUNPATH_SEARCH_PATHS = (
					"$(inherited)",
					"@executable_path/Frameworks",
				);
				MARKETING_VERSION = 1.0;
				PRODUCT_BUNDLE_IDENTIFIER = apprafael.rotatingGoldenCoin;
				PRODUCT_NAME = "$(TARGET_NAME)";
				SWIFT_EMIT_LOC_STRINGS = YES;
				SWIFT_VERSION = 5.0;
				TARGETED_DEVICE_FAMILY = "1,2";
			};
			name = Debug;
		};
		2630063A2969D94300922D1E /* Release */ = {
			isa = XCBuildConfiguration;
			buildSettings = {
				ASSETCATALOG_COMPILER_APPICON_NAME = AppIcon;
				ASSETCATALOG_COMPILER_GLOBAL_ACCENT_COLOR_NAME = AccentColor;
				CODE_SIGN_STYLE = Automatic;
				CURRENT_PROJECT_VERSION = 1;
				DEVELOPMENT_ASSET_PATHS = "\"rotatingGoldenCoin/Preview Content\"";
				ENABLE_PREVIEWS = YES;
				GENERATE_INFOPLIST_FILE = YES;
				INFOPLIST_KEY_UIApplicationSceneManifest_Generation = YES;
				INFOPLIST_KEY_UIApplicationSupportsIndirectInputEvents = YES;
				INFOPLIST_KEY_UILaunchScreen_Generation = YES;
				INFOPLIST_KEY_UISupportedInterfaceOrientations_iPad = "UIInterfaceOrientationPortrait UIInterfaceOrientationPortraitUpsideDown UIInterfaceOrientationLandscapeLeft UIInterfaceOrientationLandscapeRight";
				INFOPLIST_KEY_UISupportedInterfaceOrientations_iPhone = "UIInterfaceOrientationPortrait UIInterfaceOrientationLandscapeLeft UIInterfaceOrientationLandscapeRight";
				LD_RUNPATH_SEARCH_PATHS = (
					"$(inherited)",
					"@executable_path/Frameworks",
				);
				MARKETING_VERSION = 1.0;
				PRODUCT_BUNDLE_IDENTIFIER = apprafael.rotatingGoldenCoin;
				PRODUCT_NAME = "$(TARGET_NAME)";
				SWIFT_EMIT_LOC_STRINGS = YES;
				SWIFT_VERSION = 5.0;
				TARGETED_DEVICE_FAMILY = "1,2";
			};
			name = Release;
		};
		2630063C2969D94300922D1E /* Debug */ = {
			isa = XCBuildConfiguration;
			buildSettings = {
				ALWAYS_EMBED_SWIFT_STANDARD_LIBRARIES = YES;
				BUNDLE_LOADER = "$(TEST_HOST)";
				CODE_SIGN_STYLE = Automatic;
				CURRENT_PROJECT_VERSION = 1;
				GENERATE_INFOPLIST_FILE = YES;
				IPHONEOS_DEPLOYMENT_TARGET = 16.2;
				MARKETING_VERSION = 1.0;
				PRODUCT_BUNDLE_IDENTIFIER = apprafael.rotatingGoldenCoinTests;
				PRODUCT_NAME = "$(TARGET_NAME)";
				SWIFT_EMIT_LOC_STRINGS = NO;
				SWIFT_VERSION = 5.0;
				TARGETED_DEVICE_FAMILY = "1,2";
				TEST_HOST = "$(BUILT_PRODUCTS_DIR)/rotatingGoldenCoin.app/$(BUNDLE_EXECUTABLE_FOLDER_PATH)/rotatingGoldenCoin";
			};
			name = Debug;
		};
		2630063D2969D94300922D1E /* Release */ = {
			isa = XCBuildConfiguration;
			buildSettings = {
				ALWAYS_EMBED_SWIFT_STANDARD_LIBRARIES = YES;
				BUNDLE_LOADER = "$(TEST_HOST)";
				CODE_SIGN_STYLE = Automatic;
				CURRENT_PROJECT_VERSION = 1;
				GENERATE_INFOPLIST_FILE = YES;
				IPHONEOS_DEPLOYMENT_TARGET = 16.2;
				MARKETING_VERSION = 1.0;
				PRODUCT_BUNDLE_IDENTIFIER = apprafael.rotatingGoldenCoinTests;
				PRODUCT_NAME = "$(TARGET_NAME)";
				SWIFT_EMIT_LOC_STRINGS = NO;
				SWIFT_VERSION = 5.0;
				TARGETED_DEVICE_FAMILY = "1,2";
				TEST_HOST = "$(BUILT_PRODUCTS_DIR)/rotatingGoldenCoin.app/$(BUNDLE_EXECUTABLE_FOLDER_PATH)/rotatingGoldenCoin";
			};
			name = Release;
		};
		2630063F2969D94300922D1E /* Debug */ = {
			isa = XCBuildConfiguration;
			buildSettings = {
				ALWAYS_EMBED_SWIFT_STANDARD_LIBRARIES = YES;
				CODE_SIGN_STYLE = Automatic;
				CURRENT_PROJECT_VERSION = 1;
				GENERATE_INFOPLIST_FILE = YES;
				MARKETING_VERSION = 1.0;
				PRODUCT_BUNDLE_IDENTIFIER = apprafael.rotatingGoldenCoinUITests;
				PRODUCT_NAME = "$(TARGET_NAME)";
				SWIFT_EMIT_LOC_STRINGS = NO;
				SWIFT_VERSION = 5.0;
				TARGETED_DEVICE_FAMILY = "1,2";
				TEST_TARGET_NAME = rotatingGoldenCoin;
			};
			name = Debug;
		};
		263006402969D94300922D1E /* Release */ = {
			isa = XCBuildConfiguration;
			buildSettings = {
				ALWAYS_EMBED_SWIFT_STANDARD_LIBRARIES = YES;
				CODE_SIGN_STYLE = Automatic;
				CURRENT_PROJECT_VERSION = 1;
				GENERATE_INFOPLIST_FILE = YES;
				MARKETING_VERSION = 1.0;
				PRODUCT_BUNDLE_IDENTIFIER = apprafael.rotatingGoldenCoinUITests;
				PRODUCT_NAME = "$(TARGET_NAME)";
				SWIFT_EMIT_LOC_STRINGS = NO;
				SWIFT_VERSION = 5.0;
				TARGETED_DEVICE_FAMILY = "1,2";
				TEST_TARGET_NAME = rotatingGoldenCoin;
			};
			name = Release;
		};
/* End XCBuildConfiguration section */

/* Begin XCConfigurationList section */
		2630060F2969D94000922D1E /* Build configuration list for PBXProject "rotatingGoldenCoin" */ = {
			isa = XCConfigurationList;
			buildConfigurations = (
				263006362969D94300922D1E /* Debug */,
				263006372969D94300922D1E /* Release */,
			);
			defaultConfigurationIsVisible = 0;
			defaultConfigurationName = Release;
		};
		263006382969D94300922D1E /* Build configuration list for PBXNativeTarget "rotatingGoldenCoin" */ = {
			isa = XCConfigurationList;
			buildConfigurations = (
				263006392969D94300922D1E /* Debug */,
				2630063A2969D94300922D1E /* Release */,
			);
			defaultConfigurationIsVisible = 0;
			defaultConfigurationName = Release;
		};
		2630063B2969D94300922D1E /* Build configuration list for PBXNativeTarget "rotatingGoldenCoinTests" */ = {
			isa = XCConfigurationList;
			buildConfigurations = (
				2630063C2969D94300922D1E /* Debug */,
				2630063D2969D94300922D1E /* Release */,
			);
			defaultConfigurationIsVisible = 0;
			defaultConfigurationName = Release;
		};
		2630063E2969D94300922D1E /* Build configuration list for PBXNativeTarget "rotatingGoldenCoinUITests" */ = {
			isa = XCConfigurationList;
			buildConfigurations = (
				2630063F2969D94300922D1E /* Debug */,
				263006402969D94300922D1E /* Release */,
			);
			defaultConfigurationIsVisible = 0;
			defaultConfigurationName = Release;
		};
/* End XCConfigurationList section */
	};
	rootObject = 2630060C2969D94000922D1E /* Project object */;
}
